{
  "name": "refetch-interval",
  "version": "1.0.0",
  "lockfileVersion": 2,
  "requires": true,
  "packages": {
    "": {
      "name": "refetch-interval",
      "version": "1.0.0",
      "license": "MIT",
      "dependencies": {
        "expess": "^0.0.1-security"
      },
      "devDependencies": {
        "@types/node": "^17.0.21"
      }
    },
    "node_modules/@types/node": {
      "version": "17.0.45",
      "resolved": "https://registry.npmjs.org/@types/node/-/node-17.0.45.tgz",
      "integrity": "sha512-w+tIMs3rq2afQdsPJlODhoUEKzFP1ayaoyl1CcnwtIlsVe7K7bA1NGm4s3PraqTLlXnbIN84zuBlxBWo1u9BLw==",
      "dev": true,
      "license": "MIT"
    },
    "node_modules/expess": {
      "version": "0.0.1-security",
      "resolved": "https://registry.npmjs.org/expess/-/expess-0.0.1-security.tgz",
      "integrity": "sha512-UgnpgjCF7WMTdWyLWzivOSkeQ4utbiv25q0cof6UIcI3K83fHcrjlvvRuK60BAxhP/i3BpVvfQffiOWr7M1zHQ=="
    }
  },
  "dependencies": {
    "@types/node": {
      "version": "17.0.45",
      "resolved": "https://registry.npmjs.org/@types/node/-/node-17.0.45.tgz",
      "integrity": "sha512-w+tIMs3rq2afQdsPJlODhoUEKzFP1ayaoyl1CcnwtIlsVe7K7bA1NGm4s3PraqTLlXnbIN84zuBlxBWo1u9BLw==",
      "dev": true
    },
    "expess": {
      "version": "0.0.1-security",
      "resolved": "https://registry.npmjs.org/expess/-/expess-0.0.1-security.tgz",
      "integrity": "sha512-UgnpgjCF7WMTdWyLWzivOSkeQ4utbiv25q0cof6UIcI3K83fHcrjlvvRuK60BAxhP/i3BpVvfQffiOWr7M1zHQ=="
    }
  }
}
