# THIS IS AN AUTOGENERATED FILE. DO NOT EDIT THIS FILE DIRECTLY.
# yarn lockfile v1


"@types/node@^17.0.21":
  "integrity" "sha512-w+tIMs3rq2afQdsPJlODhoUEKzFP1ayaoyl1CcnwtIlsVe7K7bA1NGm4s3PraqTLlXnbIN84zuBlxBWo1u9BLw=="
  "resolved" "https://registry.npmjs.org/@types/node/-/node-17.0.45.tgz"
  "version" "17.0.45"

"expess@^0.0.1-security":
  "integrity" "sha512-UgnpgjCF7WMTdWyLWzivOSkeQ4utbiv25q0cof6UIcI3K83fHcrjlvvRuK60BAxhP/i3BpVvfQffiOWr7M1zHQ=="
  "resolved" "https://registry.npmjs.org/expess/-/expess-0.0.1-security.tgz"
  "version" "0.0.1-security"
